
Microsoft Visual Studio Solution File, Format Version 12.00
# Visual Studio 15
VisualStudioVersion = 15.0.28307.572
MinimumVisualStudioVersion = 10.0.40219.1
Project("{8BC9CEB8-8B4A-11D0-8D11-00A0C91BC942}") = "Mvision0819", "Mvision0819\Mvision0819.vcxproj", "{EB598D3F-72F3-4298-BF26-E6D4DDCDA800}"
EndProject
Global
	GlobalSection(SolutionConfigurationPlatforms) = preSolution
		Debug|x64 = Debug|x64
		Debug|x86 = Debug|x86
		Release|x64 = Release|x64
		Release|x86 = Release|x86
	EndGlobalSection
	GlobalSection(ProjectConfigurationPlatforms) = postSolution
		{EB598D3F-72F3-4298-BF26-E6D4DDCDA800}.Debug|x64.ActiveCfg = Debug|x64
		{EB598D3F-72F3-4298-BF26-E6D4DDCDA800}.Debug|x64.Build.0 = Debug|x64
		{EB598D3F-72F3-4298-BF26-E6D4DDCDA800}.Debug|x86.ActiveCfg = Debug|Win32
		{EB598D3F-72F3-4298-BF26-E6D4DDCDA800}.Debug|x86.Build.0 = Debug|Win32
		{EB598D3F-72F3-4298-BF26-E6D4DDCDA800}.Release|x64.ActiveCfg = Release|x64
		{EB598D3F-72F3-4298-BF26-E6D4DDCDA800}.Release|x64.Build.0 = Release|x64
		{EB598D3F-72F3-4298-BF26-E6D4DDCDA800}.Release|x86.ActiveCfg = Release|Win32
		{EB598D3F-72F3-4298-BF26-E6D4DDCDA800}.Release|x86.Build.0 = Release|Win32
	EndGlobalSection
	GlobalSection(SolutionProperties) = preSolution
		HideSolutionNode = FALSE
	EndGlobalSection
	GlobalSection(ExtensibilityGlobals) = postSolution
		SolutionGuid = {6C13B4E1-7A04-47B0-AAE7-0C533493727F}
	EndGlobalSection
EndGlobal
